
Microsoft Visual Studio Solution File, Format Version 11.00
# Visual C# Express 2010
Project("{FAE04EC0-301F-11D3-BF4B-00C04F79EFBC}") = "XFlixel", "..\XNAFlixel\XFlixel\XFlixel.csproj", "{50463AEB-DA30-46D5-B01B-93F9C42F5765}"
EndProject
Project("{FAE04EC0-301F-11D3-BF4B-00C04F79EFBC}") = "XFlixelContent", "..\XNAFlixel\XFlixelContent\XFlixelContent.contentproj", "{327F8527-448C-470E-9016-949859914C92}"
EndProject
Project("{FAE04EC0-301F-11D3-BF4B-00C04F79EFBC}") = "Farseer Physics XNA", "..\XNAFlixel\XFlixel\Farseer Physics Engine 3.5\Farseer Physics XNA.csproj", "{0A850700-1ABB-4288-A391-6726B90EBEB9}"
EndProject
Project("{FAE04EC0-301F-11D3-BF4B-00C04F79EFBC}") = "SuperHorrorFactory", "SuperHorrorFactory\SuperHorrorFactory\SuperHorrorFactory.csproj", "{390EC2F8-722B-42FB-8ED4-4273C94245B6}"
EndProject
Project("{FAE04EC0-301F-11D3-BF4B-00C04F79EFBC}") = "SuperHorrorFactoryContent", "SuperHorrorFactory\SuperHorrorFactoryContent\SuperHorrorFactoryContent.contentproj", "{E3D7C5C9-FC6B-420C-9336-AB688A003887}"
EndProject
Project("{FAE04EC0-301F-11D3-BF4B-00C04F79EFBC}") = "Midi", "..\XNAFlixel\XFlixel\midi-dot-net\Midi\Midi.csproj", "{F60D8B7B-2D2E-4B94-A736-3783FFE1A25C}"
EndProject
Project("{FAE04EC0-301F-11D3-BF4B-00C04F79EFBC}") = "MidiExamples", "..\XNAFlixel\XFlixel\midi-dot-net\MidiExamples\MidiExamples.csproj", "{1A5F8ED9-D70D-4FF3-8153-72D9859FA89E}"
EndProject
Global
	GlobalSection(SolutionConfigurationPlatforms) = preSolution
		ANDROID_OUYA|Any CPU = ANDROID_OUYA|Any CPU
		ANDROID_OUYA|Mixed Platforms = ANDROID_OUYA|Mixed Platforms
		ANDROID_OUYA|x86 = ANDROID_OUYA|x86
		Debug|Any CPU = Debug|Any CPU
		Debug|Mixed Platforms = Debug|Mixed Platforms
		Debug|x86 = Debug|x86
		DEMO|Any CPU = DEMO|Any CPU
		DEMO|Mixed Platforms = DEMO|Mixed Platforms
		DEMO|x86 = DEMO|x86
		FULL|Any CPU = FULL|Any CPU
		FULL|Mixed Platforms = FULL|Mixed Platforms
		FULL|x86 = FULL|x86
		IPHONE3|Any CPU = IPHONE3|Any CPU
		IPHONE3|Mixed Platforms = IPHONE3|Mixed Platforms
		IPHONE3|x86 = IPHONE3|x86
		IPHONE4|Any CPU = IPHONE4|Any CPU
		IPHONE4|Mixed Platforms = IPHONE4|Mixed Platforms
		IPHONE4|x86 = IPHONE4|x86
		IPHONE5|Any CPU = IPHONE5|Any CPU
		IPHONE5|Mixed Platforms = IPHONE5|Mixed Platforms
		IPHONE5|x86 = IPHONE5|x86
		IPHONE6|Any CPU = IPHONE6|Any CPU
		IPHONE6|Mixed Platforms = IPHONE6|Mixed Platforms
		IPHONE6|x86 = IPHONE6|x86
		IPHONE6PLUS|Any CPU = IPHONE6PLUS|Any CPU
		IPHONE6PLUS|Mixed Platforms = IPHONE6PLUS|Mixed Platforms
		IPHONE6PLUS|x86 = IPHONE6PLUS|x86
		MAKEGIF|Any CPU = MAKEGIF|Any CPU
		MAKEGIF|Mixed Platforms = MAKEGIF|Mixed Platforms
		MAKEGIF|x86 = MAKEGIF|x86
		OUYA|Any CPU = OUYA|Any CPU
		OUYA|Mixed Platforms = OUYA|Mixed Platforms
		OUYA|x86 = OUYA|x86
		PIRATE|Any CPU = PIRATE|Any CPU
		PIRATE|Mixed Platforms = PIRATE|Mixed Platforms
		PIRATE|x86 = PIRATE|x86
		PRESS|Any CPU = PRESS|Any CPU
		PRESS|Mixed Platforms = PRESS|Mixed Platforms
		PRESS|x86 = PRESS|x86
		PS_VITA|Any CPU = PS_VITA|Any CPU
		PS_VITA|Mixed Platforms = PS_VITA|Mixed Platforms
		PS_VITA|x86 = PS_VITA|x86
		PSVITA|Any CPU = PSVITA|Any CPU
		PSVITA|Mixed Platforms = PSVITA|Mixed Platforms
		PSVITA|x86 = PSVITA|x86
		Release|Any CPU = Release|Any CPU
		Release|Mixed Platforms = Release|Mixed Platforms
		Release|x86 = Release|x86
		Revvolvver|Any CPU = Revvolvver|Any CPU
		Revvolvver|Mixed Platforms = Revvolvver|Mixed Platforms
		Revvolvver|x86 = Revvolvver|x86
	EndGlobalSection
	GlobalSection(ProjectConfigurationPlatforms) = postSolution
		{50463AEB-DA30-46D5-B01B-93F9C42F5765}.ANDROID_OUYA|Any CPU.ActiveCfg = ANDROID_OUYA|x86
		{50463AEB-DA30-46D5-B01B-93F9C42F5765}.ANDROID_OUYA|Mixed Platforms.ActiveCfg = ANDROID_OUYA|x86
		{50463AEB-DA30-46D5-B01B-93F9C42F5765}.ANDROID_OUYA|Mixed Platforms.Build.0 = ANDROID_OUYA|x86
		{50463AEB-DA30-46D5-B01B-93F9C42F5765}.ANDROID_OUYA|x86.ActiveCfg = ANDROID_OUYA|x86
		{50463AEB-DA30-46D5-B01B-93F9C42F5765}.ANDROID_OUYA|x86.Build.0 = ANDROID_OUYA|x86
		{50463AEB-DA30-46D5-B01B-93F9C42F5765}.Debug|Any CPU.ActiveCfg = Debug|x86
		{50463AEB-DA30-46D5-B01B-93F9C42F5765}.Debug|Mixed Platforms.ActiveCfg = Debug|x86
		{50463AEB-DA30-46D5-B01B-93F9C42F5765}.Debug|Mixed Platforms.Build.0 = Debug|x86
		{50463AEB-DA30-46D5-B01B-93F9C42F5765}.Debug|x86.ActiveCfg = Debug|x86
		{50463AEB-DA30-46D5-B01B-93F9C42F5765}.Debug|x86.Build.0 = Debug|x86
		{50463AEB-DA30-46D5-B01B-93F9C42F5765}.DEMO|Any CPU.ActiveCfg = DEMO|x86
		{50463AEB-DA30-46D5-B01B-93F9C42F5765}.DEMO|Mixed Platforms.ActiveCfg = DEMO|x86
		{50463AEB-DA30-46D5-B01B-93F9C42F5765}.DEMO|Mixed Platforms.Build.0 = DEMO|x86
		{50463AEB-DA30-46D5-B01B-93F9C42F5765}.DEMO|x86.ActiveCfg = DEMO|x86
		{50463AEB-DA30-46D5-B01B-93F9C42F5765}.DEMO|x86.Build.0 = DEMO|x86
		{50463AEB-DA30-46D5-B01B-93F9C42F5765}.FULL|Any CPU.ActiveCfg = FULL|x86
		{50463AEB-DA30-46D5-B01B-93F9C42F5765}.FULL|Mixed Platforms.ActiveCfg = FULL|x86
		{50463AEB-DA30-46D5-B01B-93F9C42F5765}.FULL|Mixed Platforms.Build.0 = FULL|x86
		{50463AEB-DA30-46D5-B01B-93F9C42F5765}.FULL|x86.ActiveCfg = FULL|x86
		{50463AEB-DA30-46D5-B01B-93F9C42F5765}.FULL|x86.Build.0 = FULL|x86
		{50463AEB-DA30-46D5-B01B-93F9C42F5765}.IPHONE3|Any CPU.ActiveCfg = IPHONE3|x86
		{50463AEB-DA30-46D5-B01B-93F9C42F5765}.IPHONE3|Mixed Platforms.ActiveCfg = IPHONE3|x86
		{50463AEB-DA30-46D5-B01B-93F9C42F5765}.IPHONE3|Mixed Platforms.Build.0 = IPHONE3|x86
		{50463AEB-DA30-46D5-B01B-93F9C42F5765}.IPHONE3|x86.ActiveCfg = IPHONE3|x86
		{50463AEB-DA30-46D5-B01B-93F9C42F5765}.IPHONE3|x86.Build.0 = IPHONE3|x86
		{50463AEB-DA30-46D5-B01B-93F9C42F5765}.IPHONE4|Any CPU.ActiveCfg = IPHONE4|x86
		{50463AEB-DA30-46D5-B01B-93F9C42F5765}.IPHONE4|Mixed Platforms.ActiveCfg = IPHONE4|x86
		{50463AEB-DA30-46D5-B01B-93F9C42F5765}.IPHONE4|Mixed Platforms.Build.0 = IPHONE4|x86
		{50463AEB-DA30-46D5-B01B-93F9C42F5765}.IPHONE4|x86.ActiveCfg = IPHONE4|x86
		{50463AEB-DA30-46D5-B01B-93F9C42F5765}.IPHONE4|x86.Build.0 = IPHONE4|x86
		{50463AEB-DA30-46D5-B01B-93F9C42F5765}.IPHONE5|Any CPU.ActiveCfg = IPHONE5|x86
		{50463AEB-DA30-46D5-B01B-93F9C42F5765}.IPHONE5|Mixed Platforms.ActiveCfg = IPHONE5|x86
		{50463AEB-DA30-46D5-B01B-93F9C42F5765}.IPHONE5|Mixed Platforms.Build.0 = IPHONE5|x86
		{50463AEB-DA30-46D5-B01B-93F9C42F5765}.IPHONE5|x86.ActiveCfg = IPHONE5|x86
		{50463AEB-DA30-46D5-B01B-93F9C42F5765}.IPHONE5|x86.Build.0 = IPHONE5|x86
		{50463AEB-DA30-46D5-B01B-93F9C42F5765}.IPHONE6|Any CPU.ActiveCfg = IPHONE6|x86
		{50463AEB-DA30-46D5-B01B-93F9C42F5765}.IPHONE6|Mixed Platforms.ActiveCfg = IPHONE6|x86
		{50463AEB-DA30-46D5-B01B-93F9C42F5765}.IPHONE6|Mixed Platforms.Build.0 = IPHONE6|x86
		{50463AEB-DA30-46D5-B01B-93F9C42F5765}.IPHONE6|x86.ActiveCfg = IPHONE6|x86
		{50463AEB-DA30-46D5-B01B-93F9C42F5765}.IPHONE6|x86.Build.0 = IPHONE6|x86
		{50463AEB-DA30-46D5-B01B-93F9C42F5765}.IPHONE6PLUS|Any CPU.ActiveCfg = IPHONE6PLUS|x86
		{50463AEB-DA30-46D5-B01B-93F9C42F5765}.IPHONE6PLUS|Mixed Platforms.ActiveCfg = IPHONE6PLUS|x86
		{50463AEB-DA30-46D5-B01B-93F9C42F5765}.IPHONE6PLUS|Mixed Platforms.Build.0 = IPHONE6PLUS|x86
		{50463AEB-DA30-46D5-B01B-93F9C42F5765}.IPHONE6PLUS|x86.ActiveCfg = IPHONE6PLUS|x86
		{50463AEB-DA30-46D5-B01B-93F9C42F5765}.IPHONE6PLUS|x86.Build.0 = IPHONE6PLUS|x86
		{50463AEB-DA30-46D5-B01B-93F9C42F5765}.MAKEGIF|Any CPU.ActiveCfg = MAKEGIF|x86
		{50463AEB-DA30-46D5-B01B-93F9C42F5765}.MAKEGIF|Mixed Platforms.ActiveCfg = MAKEGIF|x86
		{50463AEB-DA30-46D5-B01B-93F9C42F5765}.MAKEGIF|Mixed Platforms.Build.0 = MAKEGIF|x86
		{50463AEB-DA30-46D5-B01B-93F9C42F5765}.MAKEGIF|x86.ActiveCfg = MAKEGIF|x86
		{50463AEB-DA30-46D5-B01B-93F9C42F5765}.MAKEGIF|x86.Build.0 = MAKEGIF|x86
		{50463AEB-DA30-46D5-B01B-93F9C42F5765}.OUYA|Any CPU.ActiveCfg = OUYA|x86
		{50463AEB-DA30-46D5-B01B-93F9C42F5765}.OUYA|Mixed Platforms.ActiveCfg = OUYA|x86
		{50463AEB-DA30-46D5-B01B-93F9C42F5765}.OUYA|Mixed Platforms.Build.0 = OUYA|x86
		{50463AEB-DA30-46D5-B01B-93F9C42F5765}.OUYA|x86.ActiveCfg = OUYA|x86
		{50463AEB-DA30-46D5-B01B-93F9C42F5765}.OUYA|x86.Build.0 = OUYA|x86
		{50463AEB-DA30-46D5-B01B-93F9C42F5765}.PIRATE|Any CPU.ActiveCfg = PIRATE|x86
		{50463AEB-DA30-46D5-B01B-93F9C42F5765}.PIRATE|Mixed Platforms.ActiveCfg = PIRATE|x86
		{50463AEB-DA30-46D5-B01B-93F9C42F5765}.PIRATE|Mixed Platforms.Build.0 = PIRATE|x86
		{50463AEB-DA30-46D5-B01B-93F9C42F5765}.PIRATE|x86.ActiveCfg = PIRATE|x86
		{50463AEB-DA30-46D5-B01B-93F9C42F5765}.PIRATE|x86.Build.0 = PIRATE|x86
		{50463AEB-DA30-46D5-B01B-93F9C42F5765}.PRESS|Any CPU.ActiveCfg = PRESS|x86
		{50463AEB-DA30-46D5-B01B-93F9C42F5765}.PRESS|Mixed Platforms.ActiveCfg = PRESS|x86
		{50463AEB-DA30-46D5-B01B-93F9C42F5765}.PRESS|Mixed Platforms.Build.0 = PRESS|x86
		{50463AEB-DA30-46D5-B01B-93F9C42F5765}.PRESS|x86.ActiveCfg = PRESS|x86
		{50463AEB-DA30-46D5-B01B-93F9C42F5765}.PRESS|x86.Build.0 = PRESS|x86
		{50463AEB-DA30-46D5-B01B-93F9C42F5765}.PS_VITA|Any CPU.ActiveCfg = PS_VITA|x86
		{50463AEB-DA30-46D5-B01B-93F9C42F5765}.PS_VITA|Mixed Platforms.ActiveCfg = PS_VITA|x86
		{50463AEB-DA30-46D5-B01B-93F9C42F5765}.PS_VITA|Mixed Platforms.Build.0 = PS_VITA|x86
		{50463AEB-DA30-46D5-B01B-93F9C42F5765}.PS_VITA|x86.ActiveCfg = PS_VITA|x86
		{50463AEB-DA30-46D5-B01B-93F9C42F5765}.PS_VITA|x86.Build.0 = PS_VITA|x86
		{50463AEB-DA30-46D5-B01B-93F9C42F5765}.PSVITA|Any CPU.ActiveCfg = PSVITA|x86
		{50463AEB-DA30-46D5-B01B-93F9C42F5765}.PSVITA|Mixed Platforms.ActiveCfg = PSVITA|x86
		{50463AEB-DA30-46D5-B01B-93F9C42F5765}.PSVITA|Mixed Platforms.Build.0 = PSVITA|x86
		{50463AEB-DA30-46D5-B01B-93F9C42F5765}.PSVITA|x86.ActiveCfg = PSVITA|x86
		{50463AEB-DA30-46D5-B01B-93F9C42F5765}.PSVITA|x86.Build.0 = PSVITA|x86
		{50463AEB-DA30-46D5-B01B-93F9C42F5765}.Release|Any CPU.ActiveCfg = Release|x86
		{50463AEB-DA30-46D5-B01B-93F9C42F5765}.Release|Mixed Platforms.ActiveCfg = Release|x86
		{50463AEB-DA30-46D5-B01B-93F9C42F5765}.Release|Mixed Platforms.Build.0 = Release|x86
		{50463AEB-DA30-46D5-B01B-93F9C42F5765}.Release|x86.ActiveCfg = Release|x86
		{50463AEB-DA30-46D5-B01B-93F9C42F5765}.Release|x86.Build.0 = Release|x86
		{50463AEB-DA30-46D5-B01B-93F9C42F5765}.Revvolvver|Any CPU.ActiveCfg = Revvolvver|x86
		{50463AEB-DA30-46D5-B01B-93F9C42F5765}.Revvolvver|Mixed Platforms.ActiveCfg = Revvolvver|x86
		{50463AEB-DA30-46D5-B01B-93F9C42F5765}.Revvolvver|Mixed Platforms.Build.0 = Revvolvver|x86
		{50463AEB-DA30-46D5-B01B-93F9C42F5765}.Revvolvver|x86.ActiveCfg = Revvolvver|x86
		{50463AEB-DA30-46D5-B01B-93F9C42F5765}.Revvolvver|x86.Build.0 = Revvolvver|x86
		{327F8527-448C-470E-9016-949859914C92}.ANDROID_OUYA|Any CPU.ActiveCfg = Release|x86
		{327F8527-448C-470E-9016-949859914C92}.ANDROID_OUYA|Mixed Platforms.ActiveCfg = Release|x86
		{327F8527-448C-470E-9016-949859914C92}.ANDROID_OUYA|x86.ActiveCfg = Release|x86
		{327F8527-448C-470E-9016-949859914C92}.Debug|Any CPU.ActiveCfg = Debug|x86
		{327F8527-448C-470E-9016-949859914C92}.Debug|Mixed Platforms.ActiveCfg = Debug|x86
		{327F8527-448C-470E-9016-949859914C92}.Debug|x86.ActiveCfg = Debug|x86
		{327F8527-448C-470E-9016-949859914C92}.DEMO|Any CPU.ActiveCfg = Debug|x86
		{327F8527-448C-470E-9016-949859914C92}.DEMO|Mixed Platforms.ActiveCfg = Debug|x86
		{327F8527-448C-470E-9016-949859914C92}.DEMO|x86.ActiveCfg = Debug|x86
		{327F8527-448C-470E-9016-949859914C92}.FULL|Any CPU.ActiveCfg = Release|x86
		{327F8527-448C-470E-9016-949859914C92}.FULL|Mixed Platforms.ActiveCfg = Release|x86
		{327F8527-448C-470E-9016-949859914C92}.FULL|x86.ActiveCfg = Release|x86
		{327F8527-448C-470E-9016-949859914C92}.IPHONE3|Any CPU.ActiveCfg = Release|x86
		{327F8527-448C-470E-9016-949859914C92}.IPHONE3|Mixed Platforms.ActiveCfg = Release|x86
		{327F8527-448C-470E-9016-949859914C92}.IPHONE3|x86.ActiveCfg = Release|x86
		{327F8527-448C-470E-9016-949859914C92}.IPHONE4|Any CPU.ActiveCfg = Release|x86
		{327F8527-448C-470E-9016-949859914C92}.IPHONE4|Mixed Platforms.ActiveCfg = Release|x86
		{327F8527-448C-470E-9016-949859914C92}.IPHONE4|x86.ActiveCfg = Release|x86
		{327F8527-448C-470E-9016-949859914C92}.IPHONE5|Any CPU.ActiveCfg = Release|x86
		{327F8527-448C-470E-9016-949859914C92}.IPHONE5|Mixed Platforms.ActiveCfg = Release|x86
		{327F8527-448C-470E-9016-949859914C92}.IPHONE5|x86.ActiveCfg = Release|x86
		{327F8527-448C-470E-9016-949859914C92}.IPHONE6|Any CPU.ActiveCfg = Release|x86
		{327F8527-448C-470E-9016-949859914C92}.IPHONE6|Mixed Platforms.ActiveCfg = Release|x86
		{327F8527-448C-470E-9016-949859914C92}.IPHONE6|x86.ActiveCfg = Release|x86
		{327F8527-448C-470E-9016-949859914C92}.IPHONE6PLUS|Any CPU.ActiveCfg = Release|x86
		{327F8527-448C-470E-9016-949859914C92}.IPHONE6PLUS|Mixed Platforms.ActiveCfg = Release|x86
		{327F8527-448C-470E-9016-949859914C92}.IPHONE6PLUS|x86.ActiveCfg = Release|x86
		{327F8527-448C-470E-9016-949859914C92}.MAKEGIF|Any CPU.ActiveCfg = Release|x86
		{327F8527-448C-470E-9016-949859914C92}.MAKEGIF|Mixed Platforms.ActiveCfg = Release|x86
		{327F8527-448C-470E-9016-949859914C92}.MAKEGIF|x86.ActiveCfg = Release|x86
		{327F8527-448C-470E-9016-949859914C92}.OUYA|Any CPU.ActiveCfg = Release|x86
		{327F8527-448C-470E-9016-949859914C92}.OUYA|Mixed Platforms.ActiveCfg = Release|x86
		{327F8527-448C-470E-9016-949859914C92}.OUYA|x86.ActiveCfg = Release|x86
		{327F8527-448C-470E-9016-949859914C92}.PIRATE|Any CPU.ActiveCfg = Release|x86
		{327F8527-448C-470E-9016-949859914C92}.PIRATE|Mixed Platforms.ActiveCfg = Release|x86
		{327F8527-448C-470E-9016-949859914C92}.PIRATE|x86.ActiveCfg = Release|x86
		{327F8527-448C-470E-9016-949859914C92}.PRESS|Any CPU.ActiveCfg = Release|x86
		{327F8527-448C-470E-9016-949859914C92}.PRESS|Mixed Platforms.ActiveCfg = Release|x86
		{327F8527-448C-470E-9016-949859914C92}.PRESS|x86.ActiveCfg = Release|x86
		{327F8527-448C-470E-9016-949859914C92}.PS_VITA|Any CPU.ActiveCfg = Release|x86
		{327F8527-448C-470E-9016-949859914C92}.PS_VITA|Mixed Platforms.ActiveCfg = Release|x86
		{327F8527-448C-470E-9016-949859914C92}.PS_VITA|x86.ActiveCfg = Release|x86
		{327F8527-448C-470E-9016-949859914C92}.PSVITA|Any CPU.ActiveCfg = Release|x86
		{327F8527-448C-470E-9016-949859914C92}.PSVITA|Mixed Platforms.ActiveCfg = Release|x86
		{327F8527-448C-470E-9016-949859914C92}.PSVITA|x86.ActiveCfg = Release|x86
		{327F8527-448C-470E-9016-949859914C92}.Release|Any CPU.ActiveCfg = Release|x86
		{327F8527-448C-470E-9016-949859914C92}.Release|Mixed Platforms.ActiveCfg = Release|x86
		{327F8527-448C-470E-9016-949859914C92}.Release|x86.ActiveCfg = Release|x86
		{327F8527-448C-470E-9016-949859914C92}.Revvolvver|Any CPU.ActiveCfg = Release|x86
		{327F8527-448C-470E-9016-949859914C92}.Revvolvver|Mixed Platforms.ActiveCfg = Release|x86
		{327F8527-448C-470E-9016-949859914C92}.Revvolvver|x86.ActiveCfg = Release|x86
		{0A850700-1ABB-4288-A391-6726B90EBEB9}.ANDROID_OUYA|Any CPU.ActiveCfg = ANDROID_OUYA|x86
		{0A850700-1ABB-4288-A391-6726B90EBEB9}.ANDROID_OUYA|Mixed Platforms.ActiveCfg = ANDROID_OUYA|x86
		{0A850700-1ABB-4288-A391-6726B90EBEB9}.ANDROID_OUYA|Mixed Platforms.Build.0 = ANDROID_OUYA|x86
		{0A850700-1ABB-4288-A391-6726B90EBEB9}.ANDROID_OUYA|x86.ActiveCfg = ANDROID_OUYA|x86
		{0A850700-1ABB-4288-A391-6726B90EBEB9}.ANDROID_OUYA|x86.Build.0 = ANDROID_OUYA|x86
		{0A850700-1ABB-4288-A391-6726B90EBEB9}.Debug|Any CPU.ActiveCfg = Debug|x86
		{0A850700-1ABB-4288-A391-6726B90EBEB9}.Debug|Mixed Platforms.ActiveCfg = Debug|x86
		{0A850700-1ABB-4288-A391-6726B90EBEB9}.Debug|Mixed Platforms.Build.0 = Debug|x86
		{0A850700-1ABB-4288-A391-6726B90EBEB9}.Debug|x86.ActiveCfg = Debug|x86
		{0A850700-1ABB-4288-A391-6726B90EBEB9}.Debug|x86.Build.0 = Debug|x86
		{0A850700-1ABB-4288-A391-6726B90EBEB9}.DEMO|Any CPU.ActiveCfg = Debug|x86
		{0A850700-1ABB-4288-A391-6726B90EBEB9}.DEMO|Mixed Platforms.ActiveCfg = Debug|x86
		{0A850700-1ABB-4288-A391-6726B90EBEB9}.DEMO|Mixed Platforms.Build.0 = Debug|x86
		{0A850700-1ABB-4288-A391-6726B90EBEB9}.DEMO|x86.ActiveCfg = Debug|x86
		{0A850700-1ABB-4288-A391-6726B90EBEB9}.DEMO|x86.Build.0 = Debug|x86
		{0A850700-1ABB-4288-A391-6726B90EBEB9}.FULL|Any CPU.ActiveCfg = ANDROID_OUYA|x86
		{0A850700-1ABB-4288-A391-6726B90EBEB9}.FULL|Mixed Platforms.ActiveCfg = ANDROID_OUYA|x86
		{0A850700-1ABB-4288-A391-6726B90EBEB9}.FULL|Mixed Platforms.Build.0 = ANDROID_OUYA|x86
		{0A850700-1ABB-4288-A391-6726B90EBEB9}.FULL|x86.ActiveCfg = Release|x86
		{0A850700-1ABB-4288-A391-6726B90EBEB9}.FULL|x86.Build.0 = Release|x86
		{0A850700-1ABB-4288-A391-6726B90EBEB9}.IPHONE3|Any CPU.ActiveCfg = IPHONE3|x86
		{0A850700-1ABB-4288-A391-6726B90EBEB9}.IPHONE3|Mixed Platforms.ActiveCfg = IPHONE3|x86
		{0A850700-1ABB-4288-A391-6726B90EBEB9}.IPHONE3|Mixed Platforms.Build.0 = IPHONE3|x86
		{0A850700-1ABB-4288-A391-6726B90EBEB9}.IPHONE3|x86.ActiveCfg = IPHONE3|x86
		{0A850700-1ABB-4288-A391-6726B90EBEB9}.IPHONE3|x86.Build.0 = IPHONE3|x86
		{0A850700-1ABB-4288-A391-6726B90EBEB9}.IPHONE4|Any CPU.ActiveCfg = IPHONE4|x86
		{0A850700-1ABB-4288-A391-6726B90EBEB9}.IPHONE4|Mixed Platforms.ActiveCfg = IPHONE4|x86
		{0A850700-1ABB-4288-A391-6726B90EBEB9}.IPHONE4|Mixed Platforms.Build.0 = IPHONE4|x86
		{0A850700-1ABB-4288-A391-6726B90EBEB9}.IPHONE4|x86.ActiveCfg = IPHONE4|x86
		{0A850700-1ABB-4288-A391-6726B90EBEB9}.IPHONE4|x86.Build.0 = IPHONE4|x86
		{0A850700-1ABB-4288-A391-6726B90EBEB9}.IPHONE5|Any CPU.ActiveCfg = IPHONE5|x86
		{0A850700-1ABB-4288-A391-6726B90EBEB9}.IPHONE5|Mixed Platforms.ActiveCfg = IPHONE5|x86
		{0A850700-1ABB-4288-A391-6726B90EBEB9}.IPHONE5|Mixed Platforms.Build.0 = IPHONE5|x86
		{0A850700-1ABB-4288-A391-6726B90EBEB9}.IPHONE5|x86.ActiveCfg = IPHONE5|x86
		{0A850700-1ABB-4288-A391-6726B90EBEB9}.IPHONE5|x86.Build.0 = IPHONE5|x86
		{0A850700-1ABB-4288-A391-6726B90EBEB9}.IPHONE6|Any CPU.ActiveCfg = IPHONE6|x86
		{0A850700-1ABB-4288-A391-6726B90EBEB9}.IPHONE6|Mixed Platforms.ActiveCfg = IPHONE6|x86
		{0A850700-1ABB-4288-A391-6726B90EBEB9}.IPHONE6|Mixed Platforms.Build.0 = IPHONE6|x86
		{0A850700-1ABB-4288-A391-6726B90EBEB9}.IPHONE6|x86.ActiveCfg = IPHONE6|x86
		{0A850700-1ABB-4288-A391-6726B90EBEB9}.IPHONE6|x86.Build.0 = IPHONE6|x86
		{0A850700-1ABB-4288-A391-6726B90EBEB9}.IPHONE6PLUS|Any CPU.ActiveCfg = IPHONE6PLUS|x86
		{0A850700-1ABB-4288-A391-6726B90EBEB9}.IPHONE6PLUS|Mixed Platforms.ActiveCfg = IPHONE6PLUS|x86
		{0A850700-1ABB-4288-A391-6726B90EBEB9}.IPHONE6PLUS|Mixed Platforms.Build.0 = IPHONE6PLUS|x86
		{0A850700-1ABB-4288-A391-6726B90EBEB9}.IPHONE6PLUS|x86.ActiveCfg = IPHONE6PLUS|x86
		{0A850700-1ABB-4288-A391-6726B90EBEB9}.IPHONE6PLUS|x86.Build.0 = IPHONE6PLUS|x86
		{0A850700-1ABB-4288-A391-6726B90EBEB9}.MAKEGIF|Any CPU.ActiveCfg = ANDROID_OUYA|x86
		{0A850700-1ABB-4288-A391-6726B90EBEB9}.MAKEGIF|Mixed Platforms.ActiveCfg = ANDROID_OUYA|x86
		{0A850700-1ABB-4288-A391-6726B90EBEB9}.MAKEGIF|Mixed Platforms.Build.0 = ANDROID_OUYA|x86
		{0A850700-1ABB-4288-A391-6726B90EBEB9}.MAKEGIF|x86.ActiveCfg = Release|x86
		{0A850700-1ABB-4288-A391-6726B90EBEB9}.MAKEGIF|x86.Build.0 = Release|x86
		{0A850700-1ABB-4288-A391-6726B90EBEB9}.OUYA|Any CPU.ActiveCfg = OUYA|x86
		{0A850700-1ABB-4288-A391-6726B90EBEB9}.OUYA|Mixed Platforms.ActiveCfg = OUYA|x86
		{0A850700-1ABB-4288-A391-6726B90EBEB9}.OUYA|Mixed Platforms.Build.0 = OUYA|x86
		{0A850700-1ABB-4288-A391-6726B90EBEB9}.OUYA|x86.ActiveCfg = OUYA|x86
		{0A850700-1ABB-4288-A391-6726B90EBEB9}.OUYA|x86.Build.0 = OUYA|x86
		{0A850700-1ABB-4288-A391-6726B90EBEB9}.PIRATE|Any CPU.ActiveCfg = PS_VITA|x86
		{0A850700-1ABB-4288-A391-6726B90EBEB9}.PIRATE|Mixed Platforms.ActiveCfg = PS_VITA|x86
		{0A850700-1ABB-4288-A391-6726B90EBEB9}.PIRATE|Mixed Platforms.Build.0 = PS_VITA|x86
		{0A850700-1ABB-4288-A391-6726B90EBEB9}.PIRATE|x86.ActiveCfg = Release|x86
		{0A850700-1ABB-4288-A391-6726B90EBEB9}.PIRATE|x86.Build.0 = Release|x86
		{0A850700-1ABB-4288-A391-6726B90EBEB9}.PRESS|Any CPU.ActiveCfg = PS_VITA|x86
		{0A850700-1ABB-4288-A391-6726B90EBEB9}.PRESS|Mixed Platforms.ActiveCfg = PS_VITA|x86
		{0A850700-1ABB-4288-A391-6726B90EBEB9}.PRESS|Mixed Platforms.Build.0 = PS_VITA|x86
		{0A850700-1ABB-4288-A391-6726B90EBEB9}.PRESS|x86.ActiveCfg = Release|x86
		{0A850700-1ABB-4288-A391-6726B90EBEB9}.PRESS|x86.Build.0 = Release|x86
		{0A850700-1ABB-4288-A391-6726B90EBEB9}.PS_VITA|Any CPU.ActiveCfg = PS_VITA|x86
		{0A850700-1ABB-4288-A391-6726B90EBEB9}.PS_VITA|Mixed Platforms.ActiveCfg = PS_VITA|x86
		{0A850700-1ABB-4288-A391-6726B90EBEB9}.PS_VITA|Mixed Platforms.Build.0 = PS_VITA|x86
		{0A850700-1ABB-4288-A391-6726B90EBEB9}.PS_VITA|x86.ActiveCfg = PS_VITA|x86
		{0A850700-1ABB-4288-A391-6726B90EBEB9}.PS_VITA|x86.Build.0 = PS_VITA|x86
		{0A850700-1ABB-4288-A391-6726B90EBEB9}.PSVITA|Any CPU.ActiveCfg = PSVITA|x86
		{0A850700-1ABB-4288-A391-6726B90EBEB9}.PSVITA|Mixed Platforms.ActiveCfg = PSVITA|x86
		{0A850700-1ABB-4288-A391-6726B90EBEB9}.PSVITA|Mixed Platforms.Build.0 = PSVITA|x86
		{0A850700-1ABB-4288-A391-6726B90EBEB9}.PSVITA|x86.ActiveCfg = PSVITA|x86
		{0A850700-1ABB-4288-A391-6726B90EBEB9}.PSVITA|x86.Build.0 = PSVITA|x86
		{0A850700-1ABB-4288-A391-6726B90EBEB9}.Release|Any CPU.ActiveCfg = Release|x86
		{0A850700-1ABB-4288-A391-6726B90EBEB9}.Release|Mixed Platforms.ActiveCfg = Release|x86
		{0A850700-1ABB-4288-A391-6726B90EBEB9}.Release|Mixed Platforms.Build.0 = Release|x86
		{0A850700-1ABB-4288-A391-6726B90EBEB9}.Release|x86.ActiveCfg = Release|x86
		{0A850700-1ABB-4288-A391-6726B90EBEB9}.Release|x86.Build.0 = Release|x86
		{0A850700-1ABB-4288-A391-6726B90EBEB9}.Revvolvver|Any CPU.ActiveCfg = Release|x86
		{0A850700-1ABB-4288-A391-6726B90EBEB9}.Revvolvver|Mixed Platforms.ActiveCfg = Release|x86
		{0A850700-1ABB-4288-A391-6726B90EBEB9}.Revvolvver|Mixed Platforms.Build.0 = Release|x86
		{0A850700-1ABB-4288-A391-6726B90EBEB9}.Revvolvver|x86.ActiveCfg = Release|x86
		{0A850700-1ABB-4288-A391-6726B90EBEB9}.Revvolvver|x86.Build.0 = Release|x86
		{390EC2F8-722B-42FB-8ED4-4273C94245B6}.ANDROID_OUYA|Any CPU.ActiveCfg = ANDROID_OUYA|x86
		{390EC2F8-722B-42FB-8ED4-4273C94245B6}.ANDROID_OUYA|Mixed Platforms.ActiveCfg = ANDROID_OUYA|x86
		{390EC2F8-722B-42FB-8ED4-4273C94245B6}.ANDROID_OUYA|Mixed Platforms.Build.0 = ANDROID_OUYA|x86
		{390EC2F8-722B-42FB-8ED4-4273C94245B6}.ANDROID_OUYA|x86.ActiveCfg = ANDROID_OUYA|x86
		{390EC2F8-722B-42FB-8ED4-4273C94245B6}.ANDROID_OUYA|x86.Build.0 = ANDROID_OUYA|x86
		{390EC2F8-722B-42FB-8ED4-4273C94245B6}.Debug|Any CPU.ActiveCfg = Debug|x86
		{390EC2F8-722B-42FB-8ED4-4273C94245B6}.Debug|Mixed Platforms.ActiveCfg = Debug|x86
		{390EC2F8-722B-42FB-8ED4-4273C94245B6}.Debug|Mixed Platforms.Build.0 = Debug|x86
		{390EC2F8-722B-42FB-8ED4-4273C94245B6}.Debug|x86.ActiveCfg = Debug|x86
		{390EC2F8-722B-42FB-8ED4-4273C94245B6}.Debug|x86.Build.0 = Debug|x86
		{390EC2F8-722B-42FB-8ED4-4273C94245B6}.DEMO|Any CPU.ActiveCfg = Debug|x86
		{390EC2F8-722B-42FB-8ED4-4273C94245B6}.DEMO|Mixed Platforms.ActiveCfg = Debug|x86
		{390EC2F8-722B-42FB-8ED4-4273C94245B6}.DEMO|Mixed Platforms.Build.0 = Debug|x86
		{390EC2F8-722B-42FB-8ED4-4273C94245B6}.DEMO|x86.ActiveCfg = Debug|x86
		{390EC2F8-722B-42FB-8ED4-4273C94245B6}.DEMO|x86.Build.0 = Debug|x86
		{390EC2F8-722B-42FB-8ED4-4273C94245B6}.FULL|Any CPU.ActiveCfg = ANDROID_OUYA|x86
		{390EC2F8-722B-42FB-8ED4-4273C94245B6}.FULL|Mixed Platforms.ActiveCfg = ANDROID_OUYA|x86
		{390EC2F8-722B-42FB-8ED4-4273C94245B6}.FULL|Mixed Platforms.Build.0 = ANDROID_OUYA|x86
		{390EC2F8-722B-42FB-8ED4-4273C94245B6}.FULL|x86.ActiveCfg = ANDROID_OUYA|x86
		{390EC2F8-722B-42FB-8ED4-4273C94245B6}.FULL|x86.Build.0 = ANDROID_OUYA|x86
		{390EC2F8-722B-42FB-8ED4-4273C94245B6}.IPHONE3|Any CPU.ActiveCfg = IPHONE3|x86
		{390EC2F8-722B-42FB-8ED4-4273C94245B6}.IPHONE3|Mixed Platforms.ActiveCfg = IPHONE3|x86
		{390EC2F8-722B-42FB-8ED4-4273C94245B6}.IPHONE3|Mixed Platforms.Build.0 = IPHONE3|x86
		{390EC2F8-722B-42FB-8ED4-4273C94245B6}.IPHONE3|x86.ActiveCfg = IPHONE3|x86
		{390EC2F8-722B-42FB-8ED4-4273C94245B6}.IPHONE3|x86.Build.0 = IPHONE3|x86
		{390EC2F8-722B-42FB-8ED4-4273C94245B6}.IPHONE4|Any CPU.ActiveCfg = IPHONE4|x86
		{390EC2F8-722B-42FB-8ED4-4273C94245B6}.IPHONE4|Mixed Platforms.ActiveCfg = IPHONE4|x86
		{390EC2F8-722B-42FB-8ED4-4273C94245B6}.IPHONE4|Mixed Platforms.Build.0 = IPHONE4|x86
		{390EC2F8-722B-42FB-8ED4-4273C94245B6}.IPHONE4|x86.ActiveCfg = IPHONE4|x86
		{390EC2F8-722B-42FB-8ED4-4273C94245B6}.IPHONE4|x86.Build.0 = IPHONE4|x86
		{390EC2F8-722B-42FB-8ED4-4273C94245B6}.IPHONE5|Any CPU.ActiveCfg = IPHONE5|x86
		{390EC2F8-722B-42FB-8ED4-4273C94245B6}.IPHONE5|Mixed Platforms.ActiveCfg = IPHONE5|x86
		{390EC2F8-722B-42FB-8ED4-4273C94245B6}.IPHONE5|Mixed Platforms.Build.0 = IPHONE5|x86
		{390EC2F8-722B-42FB-8ED4-4273C94245B6}.IPHONE5|x86.ActiveCfg = IPHONE5|x86
		{390EC2F8-722B-42FB-8ED4-4273C94245B6}.IPHONE5|x86.Build.0 = IPHONE5|x86
		{390EC2F8-722B-42FB-8ED4-4273C94245B6}.IPHONE6|Any CPU.ActiveCfg = IPHONE6|x86
		{390EC2F8-722B-42FB-8ED4-4273C94245B6}.IPHONE6|Mixed Platforms.ActiveCfg = IPHONE6|x86
		{390EC2F8-722B-42FB-8ED4-4273C94245B6}.IPHONE6|Mixed Platforms.Build.0 = IPHONE6|x86
		{390EC2F8-722B-42FB-8ED4-4273C94245B6}.IPHONE6|x86.ActiveCfg = IPHONE6|x86
		{390EC2F8-722B-42FB-8ED4-4273C94245B6}.IPHONE6|x86.Build.0 = IPHONE6|x86
		{390EC2F8-722B-42FB-8ED4-4273C94245B6}.IPHONE6PLUS|Any CPU.ActiveCfg = IPHONE6PLUS|x86
		{390EC2F8-722B-42FB-8ED4-4273C94245B6}.IPHONE6PLUS|Mixed Platforms.ActiveCfg = IPHONE6PLUS|x86
		{390EC2F8-722B-42FB-8ED4-4273C94245B6}.IPHONE6PLUS|Mixed Platforms.Build.0 = IPHONE6PLUS|x86
		{390EC2F8-722B-42FB-8ED4-4273C94245B6}.IPHONE6PLUS|x86.ActiveCfg = IPHONE6PLUS|x86
		{390EC2F8-722B-42FB-8ED4-4273C94245B6}.IPHONE6PLUS|x86.Build.0 = IPHONE6PLUS|x86
		{390EC2F8-722B-42FB-8ED4-4273C94245B6}.MAKEGIF|Any CPU.ActiveCfg = ANDROID_OUYA|x86
		{390EC2F8-722B-42FB-8ED4-4273C94245B6}.MAKEGIF|Mixed Platforms.ActiveCfg = ANDROID_OUYA|x86
		{390EC2F8-722B-42FB-8ED4-4273C94245B6}.MAKEGIF|Mixed Platforms.Build.0 = ANDROID_OUYA|x86
		{390EC2F8-722B-42FB-8ED4-4273C94245B6}.MAKEGIF|x86.ActiveCfg = ANDROID_OUYA|x86
		{390EC2F8-722B-42FB-8ED4-4273C94245B6}.MAKEGIF|x86.Build.0 = ANDROID_OUYA|x86
		{390EC2F8-722B-42FB-8ED4-4273C94245B6}.OUYA|Any CPU.ActiveCfg = OUYA|x86
		{390EC2F8-722B-42FB-8ED4-4273C94245B6}.OUYA|Mixed Platforms.ActiveCfg = OUYA|x86
		{390EC2F8-722B-42FB-8ED4-4273C94245B6}.OUYA|Mixed Platforms.Build.0 = OUYA|x86
		{390EC2F8-722B-42FB-8ED4-4273C94245B6}.OUYA|x86.ActiveCfg = OUYA|x86
		{390EC2F8-722B-42FB-8ED4-4273C94245B6}.OUYA|x86.Build.0 = OUYA|x86
		{390EC2F8-722B-42FB-8ED4-4273C94245B6}.PIRATE|Any CPU.ActiveCfg = PS_VITA|x86
		{390EC2F8-722B-42FB-8ED4-4273C94245B6}.PIRATE|Mixed Platforms.ActiveCfg = PS_VITA|x86
		{390EC2F8-722B-42FB-8ED4-4273C94245B6}.PIRATE|Mixed Platforms.Build.0 = PS_VITA|x86
		{390EC2F8-722B-42FB-8ED4-4273C94245B6}.PIRATE|x86.ActiveCfg = PS_VITA|x86
		{390EC2F8-722B-42FB-8ED4-4273C94245B6}.PIRATE|x86.Build.0 = PS_VITA|x86
		{390EC2F8-722B-42FB-8ED4-4273C94245B6}.PRESS|Any CPU.ActiveCfg = PS_VITA|x86
		{390EC2F8-722B-42FB-8ED4-4273C94245B6}.PRESS|Mixed Platforms.ActiveCfg = PS_VITA|x86
		{390EC2F8-722B-42FB-8ED4-4273C94245B6}.PRESS|Mixed Platforms.Build.0 = PS_VITA|x86
		{390EC2F8-722B-42FB-8ED4-4273C94245B6}.PRESS|x86.ActiveCfg = PS_VITA|x86
		{390EC2F8-722B-42FB-8ED4-4273C94245B6}.PRESS|x86.Build.0 = PS_VITA|x86
		{390EC2F8-722B-42FB-8ED4-4273C94245B6}.PS_VITA|Any CPU.ActiveCfg = PS_VITA|x86
		{390EC2F8-722B-42FB-8ED4-4273C94245B6}.PS_VITA|Mixed Platforms.ActiveCfg = PS_VITA|x86
		{390EC2F8-722B-42FB-8ED4-4273C94245B6}.PS_VITA|Mixed Platforms.Build.0 = PS_VITA|x86
		{390EC2F8-722B-42FB-8ED4-4273C94245B6}.PS_VITA|x86.ActiveCfg = PS_VITA|x86
		{390EC2F8-722B-42FB-8ED4-4273C94245B6}.PS_VITA|x86.Build.0 = PS_VITA|x86
		{390EC2F8-722B-42FB-8ED4-4273C94245B6}.PSVITA|Any CPU.ActiveCfg = PSVITA|x86
		{390EC2F8-722B-42FB-8ED4-4273C94245B6}.PSVITA|Mixed Platforms.ActiveCfg = PSVITA|x86
		{390EC2F8-722B-42FB-8ED4-4273C94245B6}.PSVITA|Mixed Platforms.Build.0 = PSVITA|x86
		{390EC2F8-722B-42FB-8ED4-4273C94245B6}.PSVITA|x86.ActiveCfg = PSVITA|x86
		{390EC2F8-722B-42FB-8ED4-4273C94245B6}.PSVITA|x86.Build.0 = PSVITA|x86
		{390EC2F8-722B-42FB-8ED4-4273C94245B6}.Release|Any CPU.ActiveCfg = Release|x86
		{390EC2F8-722B-42FB-8ED4-4273C94245B6}.Release|Mixed Platforms.ActiveCfg = Release|x86
		{390EC2F8-722B-42FB-8ED4-4273C94245B6}.Release|Mixed Platforms.Build.0 = Release|x86
		{390EC2F8-722B-42FB-8ED4-4273C94245B6}.Release|x86.ActiveCfg = Release|x86
		{390EC2F8-722B-42FB-8ED4-4273C94245B6}.Release|x86.Build.0 = Release|x86
		{390EC2F8-722B-42FB-8ED4-4273C94245B6}.Revvolvver|Any CPU.ActiveCfg = Release|x86
		{390EC2F8-722B-42FB-8ED4-4273C94245B6}.Revvolvver|Mixed Platforms.ActiveCfg = Release|x86
		{390EC2F8-722B-42FB-8ED4-4273C94245B6}.Revvolvver|Mixed Platforms.Build.0 = Release|x86
		{390EC2F8-722B-42FB-8ED4-4273C94245B6}.Revvolvver|x86.ActiveCfg = Release|x86
		{390EC2F8-722B-42FB-8ED4-4273C94245B6}.Revvolvver|x86.Build.0 = Release|x86
		{E3D7C5C9-FC6B-420C-9336-AB688A003887}.ANDROID_OUYA|Any CPU.ActiveCfg = Release|x86
		{E3D7C5C9-FC6B-420C-9336-AB688A003887}.ANDROID_OUYA|Mixed Platforms.ActiveCfg = Release|x86
		{E3D7C5C9-FC6B-420C-9336-AB688A003887}.ANDROID_OUYA|x86.ActiveCfg = Release|x86
		{E3D7C5C9-FC6B-420C-9336-AB688A003887}.Debug|Any CPU.ActiveCfg = Debug|x86
		{E3D7C5C9-FC6B-420C-9336-AB688A003887}.Debug|Mixed Platforms.ActiveCfg = Debug|x86
		{E3D7C5C9-FC6B-420C-9336-AB688A003887}.Debug|x86.ActiveCfg = Debug|x86
		{E3D7C5C9-FC6B-420C-9336-AB688A003887}.DEMO|Any CPU.ActiveCfg = Debug|x86
		{E3D7C5C9-FC6B-420C-9336-AB688A003887}.DEMO|Mixed Platforms.ActiveCfg = Debug|x86
		{E3D7C5C9-FC6B-420C-9336-AB688A003887}.DEMO|x86.ActiveCfg = Debug|x86
		{E3D7C5C9-FC6B-420C-9336-AB688A003887}.FULL|Any CPU.ActiveCfg = Release|x86
		{E3D7C5C9-FC6B-420C-9336-AB688A003887}.FULL|Mixed Platforms.ActiveCfg = Release|x86
		{E3D7C5C9-FC6B-420C-9336-AB688A003887}.FULL|x86.ActiveCfg = Release|x86
		{E3D7C5C9-FC6B-420C-9336-AB688A003887}.IPHONE3|Any CPU.ActiveCfg = Release|x86
		{E3D7C5C9-FC6B-420C-9336-AB688A003887}.IPHONE3|Mixed Platforms.ActiveCfg = Release|x86
		{E3D7C5C9-FC6B-420C-9336-AB688A003887}.IPHONE3|x86.ActiveCfg = Release|x86
		{E3D7C5C9-FC6B-420C-9336-AB688A003887}.IPHONE4|Any CPU.ActiveCfg = Release|x86
		{E3D7C5C9-FC6B-420C-9336-AB688A003887}.IPHONE4|Mixed Platforms.ActiveCfg = Release|x86
		{E3D7C5C9-FC6B-420C-9336-AB688A003887}.IPHONE4|x86.ActiveCfg = Release|x86
		{E3D7C5C9-FC6B-420C-9336-AB688A003887}.IPHONE5|Any CPU.ActiveCfg = Release|x86
		{E3D7C5C9-FC6B-420C-9336-AB688A003887}.IPHONE5|Mixed Platforms.ActiveCfg = Release|x86
		{E3D7C5C9-FC6B-420C-9336-AB688A003887}.IPHONE5|x86.ActiveCfg = Release|x86
		{E3D7C5C9-FC6B-420C-9336-AB688A003887}.IPHONE6|Any CPU.ActiveCfg = Release|x86
		{E3D7C5C9-FC6B-420C-9336-AB688A003887}.IPHONE6|Mixed Platforms.ActiveCfg = Release|x86
		{E3D7C5C9-FC6B-420C-9336-AB688A003887}.IPHONE6|x86.ActiveCfg = Release|x86
		{E3D7C5C9-FC6B-420C-9336-AB688A003887}.IPHONE6PLUS|Any CPU.ActiveCfg = Release|x86
		{E3D7C5C9-FC6B-420C-9336-AB688A003887}.IPHONE6PLUS|Mixed Platforms.ActiveCfg = Release|x86
		{E3D7C5C9-FC6B-420C-9336-AB688A003887}.IPHONE6PLUS|x86.ActiveCfg = Release|x86
		{E3D7C5C9-FC6B-420C-9336-AB688A003887}.MAKEGIF|Any CPU.ActiveCfg = Release|x86
		{E3D7C5C9-FC6B-420C-9336-AB688A003887}.MAKEGIF|Mixed Platforms.ActiveCfg = Release|x86
		{E3D7C5C9-FC6B-420C-9336-AB688A003887}.MAKEGIF|x86.ActiveCfg = Release|x86
		{E3D7C5C9-FC6B-420C-9336-AB688A003887}.OUYA|Any CPU.ActiveCfg = Release|x86
		{E3D7C5C9-FC6B-420C-9336-AB688A003887}.OUYA|Mixed Platforms.ActiveCfg = Release|x86
		{E3D7C5C9-FC6B-420C-9336-AB688A003887}.OUYA|x86.ActiveCfg = Release|x86
		{E3D7C5C9-FC6B-420C-9336-AB688A003887}.PIRATE|Any CPU.ActiveCfg = Release|x86
		{E3D7C5C9-FC6B-420C-9336-AB688A003887}.PIRATE|Mixed Platforms.ActiveCfg = Release|x86
		{E3D7C5C9-FC6B-420C-9336-AB688A003887}.PIRATE|x86.ActiveCfg = Release|x86
		{E3D7C5C9-FC6B-420C-9336-AB688A003887}.PRESS|Any CPU.ActiveCfg = Release|x86
		{E3D7C5C9-FC6B-420C-9336-AB688A003887}.PRESS|Mixed Platforms.ActiveCfg = Release|x86
		{E3D7C5C9-FC6B-420C-9336-AB688A003887}.PRESS|x86.ActiveCfg = Release|x86
		{E3D7C5C9-FC6B-420C-9336-AB688A003887}.PS_VITA|Any CPU.ActiveCfg = Release|x86
		{E3D7C5C9-FC6B-420C-9336-AB688A003887}.PS_VITA|Mixed Platforms.ActiveCfg = Release|x86
		{E3D7C5C9-FC6B-420C-9336-AB688A003887}.PS_VITA|x86.ActiveCfg = Release|x86
		{E3D7C5C9-FC6B-420C-9336-AB688A003887}.PSVITA|Any CPU.ActiveCfg = Release|x86
		{E3D7C5C9-FC6B-420C-9336-AB688A003887}.PSVITA|Mixed Platforms.ActiveCfg = Release|x86
		{E3D7C5C9-FC6B-420C-9336-AB688A003887}.PSVITA|x86.ActiveCfg = Release|x86
		{E3D7C5C9-FC6B-420C-9336-AB688A003887}.Release|Any CPU.ActiveCfg = Release|x86
		{E3D7C5C9-FC6B-420C-9336-AB688A003887}.Release|Mixed Platforms.ActiveCfg = Release|x86
		{E3D7C5C9-FC6B-420C-9336-AB688A003887}.Release|x86.ActiveCfg = Release|x86
		{E3D7C5C9-FC6B-420C-9336-AB688A003887}.Revvolvver|Any CPU.ActiveCfg = Release|x86
		{E3D7C5C9-FC6B-420C-9336-AB688A003887}.Revvolvver|Mixed Platforms.ActiveCfg = Release|x86
		{E3D7C5C9-FC6B-420C-9336-AB688A003887}.Revvolvver|x86.ActiveCfg = Release|x86
		{F60D8B7B-2D2E-4B94-A736-3783FFE1A25C}.ANDROID_OUYA|Any CPU.ActiveCfg = Release|Any CPU
		{F60D8B7B-2D2E-4B94-A736-3783FFE1A25C}.ANDROID_OUYA|Any CPU.Build.0 = Release|Any CPU
		{F60D8B7B-2D2E-4B94-A736-3783FFE1A25C}.ANDROID_OUYA|Mixed Platforms.ActiveCfg = Release|Any CPU
		{F60D8B7B-2D2E-4B94-A736-3783FFE1A25C}.ANDROID_OUYA|Mixed Platforms.Build.0 = Release|Any CPU
		{F60D8B7B-2D2E-4B94-A736-3783FFE1A25C}.ANDROID_OUYA|x86.ActiveCfg = Release|Any CPU
		{F60D8B7B-2D2E-4B94-A736-3783FFE1A25C}.Debug|Any CPU.ActiveCfg = Debug|Any CPU
		{F60D8B7B-2D2E-4B94-A736-3783FFE1A25C}.Debug|Any CPU.Build.0 = Debug|Any CPU
		{F60D8B7B-2D2E-4B94-A736-3783FFE1A25C}.Debug|Mixed Platforms.ActiveCfg = Debug|Any CPU
		{F60D8B7B-2D2E-4B94-A736-3783FFE1A25C}.Debug|Mixed Platforms.Build.0 = Debug|Any CPU
		{F60D8B7B-2D2E-4B94-A736-3783FFE1A25C}.Debug|x86.ActiveCfg = Debug|Any CPU
		{F60D8B7B-2D2E-4B94-A736-3783FFE1A25C}.DEMO|Any CPU.ActiveCfg = Debug|Any CPU
		{F60D8B7B-2D2E-4B94-A736-3783FFE1A25C}.DEMO|Any CPU.Build.0 = Debug|Any CPU
		{F60D8B7B-2D2E-4B94-A736-3783FFE1A25C}.DEMO|Mixed Platforms.ActiveCfg = Debug|Any CPU
		{F60D8B7B-2D2E-4B94-A736-3783FFE1A25C}.DEMO|Mixed Platforms.Build.0 = Debug|Any CPU
		{F60D8B7B-2D2E-4B94-A736-3783FFE1A25C}.DEMO|x86.ActiveCfg = Debug|Any CPU
		{F60D8B7B-2D2E-4B94-A736-3783FFE1A25C}.FULL|Any CPU.ActiveCfg = Release|Any CPU
		{F60D8B7B-2D2E-4B94-A736-3783FFE1A25C}.FULL|Any CPU.Build.0 = Release|Any CPU
		{F60D8B7B-2D2E-4B94-A736-3783FFE1A25C}.FULL|Mixed Platforms.ActiveCfg = Release|Any CPU
		{F60D8B7B-2D2E-4B94-A736-3783FFE1A25C}.FULL|Mixed Platforms.Build.0 = Release|Any CPU
		{F60D8B7B-2D2E-4B94-A736-3783FFE1A25C}.FULL|x86.ActiveCfg = Release|Any CPU
		{F60D8B7B-2D2E-4B94-A736-3783FFE1A25C}.IPHONE3|Any CPU.ActiveCfg = Release|Any CPU
		{F60D8B7B-2D2E-4B94-A736-3783FFE1A25C}.IPHONE3|Any CPU.Build.0 = Release|Any CPU
		{F60D8B7B-2D2E-4B94-A736-3783FFE1A25C}.IPHONE3|Mixed Platforms.ActiveCfg = Release|Any CPU
		{F60D8B7B-2D2E-4B94-A736-3783FFE1A25C}.IPHONE3|Mixed Platforms.Build.0 = Release|Any CPU
		{F60D8B7B-2D2E-4B94-A736-3783FFE1A25C}.IPHONE3|x86.ActiveCfg = Release|Any CPU
		{F60D8B7B-2D2E-4B94-A736-3783FFE1A25C}.IPHONE4|Any CPU.ActiveCfg = Release|Any CPU
		{F60D8B7B-2D2E-4B94-A736-3783FFE1A25C}.IPHONE4|Any CPU.Build.0 = Release|Any CPU
		{F60D8B7B-2D2E-4B94-A736-3783FFE1A25C}.IPHONE4|Mixed Platforms.ActiveCfg = Release|Any CPU
		{F60D8B7B-2D2E-4B94-A736-3783FFE1A25C}.IPHONE4|Mixed Platforms.Build.0 = Release|Any CPU
		{F60D8B7B-2D2E-4B94-A736-3783FFE1A25C}.IPHONE4|x86.ActiveCfg = Release|Any CPU
		{F60D8B7B-2D2E-4B94-A736-3783FFE1A25C}.IPHONE5|Any CPU.ActiveCfg = Release|Any CPU
		{F60D8B7B-2D2E-4B94-A736-3783FFE1A25C}.IPHONE5|Any CPU.Build.0 = Release|Any CPU
		{F60D8B7B-2D2E-4B94-A736-3783FFE1A25C}.IPHONE5|Mixed Platforms.ActiveCfg = Release|Any CPU
		{F60D8B7B-2D2E-4B94-A736-3783FFE1A25C}.IPHONE5|Mixed Platforms.Build.0 = Release|Any CPU
		{F60D8B7B-2D2E-4B94-A736-3783FFE1A25C}.IPHONE5|x86.ActiveCfg = Release|Any CPU
		{F60D8B7B-2D2E-4B94-A736-3783FFE1A25C}.IPHONE6|Any CPU.ActiveCfg = Release|Any CPU
		{F60D8B7B-2D2E-4B94-A736-3783FFE1A25C}.IPHONE6|Any CPU.Build.0 = Release|Any CPU
		{F60D8B7B-2D2E-4B94-A736-3783FFE1A25C}.IPHONE6|Mixed Platforms.ActiveCfg = Release|Any CPU
		{F60D8B7B-2D2E-4B94-A736-3783FFE1A25C}.IPHONE6|Mixed Platforms.Build.0 = Release|Any CPU
		{F60D8B7B-2D2E-4B94-A736-3783FFE1A25C}.IPHONE6|x86.ActiveCfg = Release|Any CPU
		{F60D8B7B-2D2E-4B94-A736-3783FFE1A25C}.IPHONE6PLUS|Any CPU.ActiveCfg = Release|Any CPU
		{F60D8B7B-2D2E-4B94-A736-3783FFE1A25C}.IPHONE6PLUS|Any CPU.Build.0 = Release|Any CPU
		{F60D8B7B-2D2E-4B94-A736-3783FFE1A25C}.IPHONE6PLUS|Mixed Platforms.ActiveCfg = Release|Any CPU
		{F60D8B7B-2D2E-4B94-A736-3783FFE1A25C}.IPHONE6PLUS|Mixed Platforms.Build.0 = Release|Any CPU
		{F60D8B7B-2D2E-4B94-A736-3783FFE1A25C}.IPHONE6PLUS|x86.ActiveCfg = Release|Any CPU
		{F60D8B7B-2D2E-4B94-A736-3783FFE1A25C}.MAKEGIF|Any CPU.ActiveCfg = Release|Any CPU
		{F60D8B7B-2D2E-4B94-A736-3783FFE1A25C}.MAKEGIF|Any CPU.Build.0 = Release|Any CPU
		{F60D8B7B-2D2E-4B94-A736-3783FFE1A25C}.MAKEGIF|Mixed Platforms.ActiveCfg = Release|Any CPU
		{F60D8B7B-2D2E-4B94-A736-3783FFE1A25C}.MAKEGIF|Mixed Platforms.Build.0 = Release|Any CPU
		{F60D8B7B-2D2E-4B94-A736-3783FFE1A25C}.MAKEGIF|x86.ActiveCfg = Release|Any CPU
		{F60D8B7B-2D2E-4B94-A736-3783FFE1A25C}.OUYA|Any CPU.ActiveCfg = Release|Any CPU
		{F60D8B7B-2D2E-4B94-A736-3783FFE1A25C}.OUYA|Any CPU.Build.0 = Release|Any CPU
		{F60D8B7B-2D2E-4B94-A736-3783FFE1A25C}.OUYA|Mixed Platforms.ActiveCfg = Release|Any CPU
		{F60D8B7B-2D2E-4B94-A736-3783FFE1A25C}.OUYA|Mixed Platforms.Build.0 = Release|Any CPU
		{F60D8B7B-2D2E-4B94-A736-3783FFE1A25C}.OUYA|x86.ActiveCfg = Release|Any CPU
		{F60D8B7B-2D2E-4B94-A736-3783FFE1A25C}.PIRATE|Any CPU.ActiveCfg = Release|Any CPU
		{F60D8B7B-2D2E-4B94-A736-3783FFE1A25C}.PIRATE|Any CPU.Build.0 = Release|Any CPU
		{F60D8B7B-2D2E-4B94-A736-3783FFE1A25C}.PIRATE|Mixed Platforms.ActiveCfg = Release|Any CPU
		{F60D8B7B-2D2E-4B94-A736-3783FFE1A25C}.PIRATE|Mixed Platforms.Build.0 = Release|Any CPU
		{F60D8B7B-2D2E-4B94-A736-3783FFE1A25C}.PIRATE|x86.ActiveCfg = Release|Any CPU
		{F60D8B7B-2D2E-4B94-A736-3783FFE1A25C}.PRESS|Any CPU.ActiveCfg = Release|Any CPU
		{F60D8B7B-2D2E-4B94-A736-3783FFE1A25C}.PRESS|Any CPU.Build.0 = Release|Any CPU
		{F60D8B7B-2D2E-4B94-A736-3783FFE1A25C}.PRESS|Mixed Platforms.ActiveCfg = Release|Any CPU
		{F60D8B7B-2D2E-4B94-A736-3783FFE1A25C}.PRESS|Mixed Platforms.Build.0 = Release|Any CPU
		{F60D8B7B-2D2E-4B94-A736-3783FFE1A25C}.PRESS|x86.ActiveCfg = Release|Any CPU
		{F60D8B7B-2D2E-4B94-A736-3783FFE1A25C}.PS_VITA|Any CPU.ActiveCfg = Release|Any CPU
		{F60D8B7B-2D2E-4B94-A736-3783FFE1A25C}.PS_VITA|Any CPU.Build.0 = Release|Any CPU
		{F60D8B7B-2D2E-4B94-A736-3783FFE1A25C}.PS_VITA|Mixed Platforms.ActiveCfg = Release|Any CPU
		{F60D8B7B-2D2E-4B94-A736-3783FFE1A25C}.PS_VITA|Mixed Platforms.Build.0 = Release|Any CPU
		{F60D8B7B-2D2E-4B94-A736-3783FFE1A25C}.PS_VITA|x86.ActiveCfg = Release|Any CPU
		{F60D8B7B-2D2E-4B94-A736-3783FFE1A25C}.PSVITA|Any CPU.ActiveCfg = Release|Any CPU
		{F60D8B7B-2D2E-4B94-A736-3783FFE1A25C}.PSVITA|Any CPU.Build.0 = Release|Any CPU
		{F60D8B7B-2D2E-4B94-A736-3783FFE1A25C}.PSVITA|Mixed Platforms.ActiveCfg = Release|Any CPU
		{F60D8B7B-2D2E-4B94-A736-3783FFE1A25C}.PSVITA|Mixed Platforms.Build.0 = Release|Any CPU
		{F60D8B7B-2D2E-4B94-A736-3783FFE1A25C}.PSVITA|x86.ActiveCfg = Release|Any CPU
		{F60D8B7B-2D2E-4B94-A736-3783FFE1A25C}.Release|Any CPU.ActiveCfg = Release|Any CPU
		{F60D8B7B-2D2E-4B94-A736-3783FFE1A25C}.Release|Any CPU.Build.0 = Release|Any CPU
		{F60D8B7B-2D2E-4B94-A736-3783FFE1A25C}.Release|Mixed Platforms.ActiveCfg = Release|Any CPU
		{F60D8B7B-2D2E-4B94-A736-3783FFE1A25C}.Release|Mixed Platforms.Build.0 = Release|Any CPU
		{F60D8B7B-2D2E-4B94-A736-3783FFE1A25C}.Release|x86.ActiveCfg = Release|Any CPU
		{F60D8B7B-2D2E-4B94-A736-3783FFE1A25C}.Revvolvver|Any CPU.ActiveCfg = Release|Any CPU
		{F60D8B7B-2D2E-4B94-A736-3783FFE1A25C}.Revvolvver|Any CPU.Build.0 = Release|Any CPU
		{F60D8B7B-2D2E-4B94-A736-3783FFE1A25C}.Revvolvver|Mixed Platforms.ActiveCfg = Release|Any CPU
		{F60D8B7B-2D2E-4B94-A736-3783FFE1A25C}.Revvolvver|Mixed Platforms.Build.0 = Release|Any CPU
		{F60D8B7B-2D2E-4B94-A736-3783FFE1A25C}.Revvolvver|x86.ActiveCfg = Release|Any CPU
		{1A5F8ED9-D70D-4FF3-8153-72D9859FA89E}.ANDROID_OUYA|Any CPU.ActiveCfg = Release|Any CPU
		{1A5F8ED9-D70D-4FF3-8153-72D9859FA89E}.ANDROID_OUYA|Any CPU.Build.0 = Release|Any CPU
		{1A5F8ED9-D70D-4FF3-8153-72D9859FA89E}.ANDROID_OUYA|Mixed Platforms.ActiveCfg = Release|Any CPU
		{1A5F8ED9-D70D-4FF3-8153-72D9859FA89E}.ANDROID_OUYA|Mixed Platforms.Build.0 = Release|Any CPU
		{1A5F8ED9-D70D-4FF3-8153-72D9859FA89E}.ANDROID_OUYA|x86.ActiveCfg = Release|Any CPU
		{1A5F8ED9-D70D-4FF3-8153-72D9859FA89E}.Debug|Any CPU.ActiveCfg = Debug|Any CPU
		{1A5F8ED9-D70D-4FF3-8153-72D9859FA89E}.Debug|Any CPU.Build.0 = Debug|Any CPU
		{1A5F8ED9-D70D-4FF3-8153-72D9859FA89E}.Debug|Mixed Platforms.ActiveCfg = Debug|Any CPU
		{1A5F8ED9-D70D-4FF3-8153-72D9859FA89E}.Debug|Mixed Platforms.Build.0 = Debug|Any CPU
		{1A5F8ED9-D70D-4FF3-8153-72D9859FA89E}.Debug|x86.ActiveCfg = Debug|Any CPU
		{1A5F8ED9-D70D-4FF3-8153-72D9859FA89E}.DEMO|Any CPU.ActiveCfg = Debug|Any CPU
		{1A5F8ED9-D70D-4FF3-8153-72D9859FA89E}.DEMO|Any CPU.Build.0 = Debug|Any CPU
		{1A5F8ED9-D70D-4FF3-8153-72D9859FA89E}.DEMO|Mixed Platforms.ActiveCfg = Debug|Any CPU
		{1A5F8ED9-D70D-4FF3-8153-72D9859FA89E}.DEMO|Mixed Platforms.Build.0 = Debug|Any CPU
		{1A5F8ED9-D70D-4FF3-8153-72D9859FA89E}.DEMO|x86.ActiveCfg = Debug|Any CPU
		{1A5F8ED9-D70D-4FF3-8153-72D9859FA89E}.FULL|Any CPU.ActiveCfg = Release|Any CPU
		{1A5F8ED9-D70D-4FF3-8153-72D9859FA89E}.FULL|Any CPU.Build.0 = Release|Any CPU
		{1A5F8ED9-D70D-4FF3-8153-72D9859FA89E}.FULL|Mixed Platforms.ActiveCfg = Release|Any CPU
		{1A5F8ED9-D70D-4FF3-8153-72D9859FA89E}.FULL|Mixed Platforms.Build.0 = Release|Any CPU
		{1A5F8ED9-D70D-4FF3-8153-72D9859FA89E}.FULL|x86.ActiveCfg = Release|Any CPU
		{1A5F8ED9-D70D-4FF3-8153-72D9859FA89E}.IPHONE3|Any CPU.ActiveCfg = Release|Any CPU
		{1A5F8ED9-D70D-4FF3-8153-72D9859FA89E}.IPHONE3|Any CPU.Build.0 = Release|Any CPU
		{1A5F8ED9-D70D-4FF3-8153-72D9859FA89E}.IPHONE3|Mixed Platforms.ActiveCfg = Release|Any CPU
		{1A5F8ED9-D70D-4FF3-8153-72D9859FA89E}.IPHONE3|Mixed Platforms.Build.0 = Release|Any CPU
		{1A5F8ED9-D70D-4FF3-8153-72D9859FA89E}.IPHONE3|x86.ActiveCfg = Release|Any CPU
		{1A5F8ED9-D70D-4FF3-8153-72D9859FA89E}.IPHONE4|Any CPU.ActiveCfg = Release|Any CPU
		{1A5F8ED9-D70D-4FF3-8153-72D9859FA89E}.IPHONE4|Any CPU.Build.0 = Release|Any CPU
		{1A5F8ED9-D70D-4FF3-8153-72D9859FA89E}.IPHONE4|Mixed Platforms.ActiveCfg = Release|Any CPU
		{1A5F8ED9-D70D-4FF3-8153-72D9859FA89E}.IPHONE4|Mixed Platforms.Build.0 = Release|Any CPU
		{1A5F8ED9-D70D-4FF3-8153-72D9859FA89E}.IPHONE4|x86.ActiveCfg = Release|Any CPU
		{1A5F8ED9-D70D-4FF3-8153-72D9859FA89E}.IPHONE5|Any CPU.ActiveCfg = Release|Any CPU
		{1A5F8ED9-D70D-4FF3-8153-72D9859FA89E}.IPHONE5|Any CPU.Build.0 = Release|Any CPU
		{1A5F8ED9-D70D-4FF3-8153-72D9859FA89E}.IPHONE5|Mixed Platforms.ActiveCfg = Release|Any CPU
		{1A5F8ED9-D70D-4FF3-8153-72D9859FA89E}.IPHONE5|Mixed Platforms.Build.0 = Release|Any CPU
		{1A5F8ED9-D70D-4FF3-8153-72D9859FA89E}.IPHONE5|x86.ActiveCfg = Release|Any CPU
		{1A5F8ED9-D70D-4FF3-8153-72D9859FA89E}.IPHONE6|Any CPU.ActiveCfg = Release|Any CPU
		{1A5F8ED9-D70D-4FF3-8153-72D9859FA89E}.IPHONE6|Any CPU.Build.0 = Release|Any CPU
		{1A5F8ED9-D70D-4FF3-8153-72D9859FA89E}.IPHONE6|Mixed Platforms.ActiveCfg = Release|Any CPU
		{1A5F8ED9-D70D-4FF3-8153-72D9859FA89E}.IPHONE6|Mixed Platforms.Build.0 = Release|Any CPU
		{1A5F8ED9-D70D-4FF3-8153-72D9859FA89E}.IPHONE6|x86.ActiveCfg = Release|Any CPU
		{1A5F8ED9-D70D-4FF3-8153-72D9859FA89E}.IPHONE6PLUS|Any CPU.ActiveCfg = Release|Any CPU
		{1A5F8ED9-D70D-4FF3-8153-72D9859FA89E}.IPHONE6PLUS|Any CPU.Build.0 = Release|Any CPU
		{1A5F8ED9-D70D-4FF3-8153-72D9859FA89E}.IPHONE6PLUS|Mixed Platforms.ActiveCfg = Release|Any CPU
		{1A5F8ED9-D70D-4FF3-8153-72D9859FA89E}.IPHONE6PLUS|Mixed Platforms.Build.0 = Release|Any CPU
		{1A5F8ED9-D70D-4FF3-8153-72D9859FA89E}.IPHONE6PLUS|x86.ActiveCfg = Release|Any CPU
		{1A5F8ED9-D70D-4FF3-8153-72D9859FA89E}.MAKEGIF|Any CPU.ActiveCfg = Release|Any CPU
		{1A5F8ED9-D70D-4FF3-8153-72D9859FA89E}.MAKEGIF|Any CPU.Build.0 = Release|Any CPU
		{1A5F8ED9-D70D-4FF3-8153-72D9859FA89E}.MAKEGIF|Mixed Platforms.ActiveCfg = Release|Any CPU
		{1A5F8ED9-D70D-4FF3-8153-72D9859FA89E}.MAKEGIF|Mixed Platforms.Build.0 = Release|Any CPU
		{1A5F8ED9-D70D-4FF3-8153-72D9859FA89E}.MAKEGIF|x86.ActiveCfg = Release|Any CPU
		{1A5F8ED9-D70D-4FF3-8153-72D9859FA89E}.OUYA|Any CPU.ActiveCfg = Release|Any CPU
		{1A5F8ED9-D70D-4FF3-8153-72D9859FA89E}.OUYA|Any CPU.Build.0 = Release|Any CPU
		{1A5F8ED9-D70D-4FF3-8153-72D9859FA89E}.OUYA|Mixed Platforms.ActiveCfg = Release|Any CPU
		{1A5F8ED9-D70D-4FF3-8153-72D9859FA89E}.OUYA|Mixed Platforms.Build.0 = Release|Any CPU
		{1A5F8ED9-D70D-4FF3-8153-72D9859FA89E}.OUYA|x86.ActiveCfg = Release|Any CPU
		{1A5F8ED9-D70D-4FF3-8153-72D9859FA89E}.PIRATE|Any CPU.ActiveCfg = Release|Any CPU
		{1A5F8ED9-D70D-4FF3-8153-72D9859FA89E}.PIRATE|Any CPU.Build.0 = Release|Any CPU
		{1A5F8ED9-D70D-4FF3-8153-72D9859FA89E}.PIRATE|Mixed Platforms.ActiveCfg = Release|Any CPU
		{1A5F8ED9-D70D-4FF3-8153-72D9859FA89E}.PIRATE|Mixed Platforms.Build.0 = Release|Any CPU
		{1A5F8ED9-D70D-4FF3-8153-72D9859FA89E}.PIRATE|x86.ActiveCfg = Release|Any CPU
		{1A5F8ED9-D70D-4FF3-8153-72D9859FA89E}.PRESS|Any CPU.ActiveCfg = Release|Any CPU
		{1A5F8ED9-D70D-4FF3-8153-72D9859FA89E}.PRESS|Any CPU.Build.0 = Release|Any CPU
		{1A5F8ED9-D70D-4FF3-8153-72D9859FA89E}.PRESS|Mixed Platforms.ActiveCfg = Release|Any CPU
		{1A5F8ED9-D70D-4FF3-8153-72D9859FA89E}.PRESS|Mixed Platforms.Build.0 = Release|Any CPU
		{1A5F8ED9-D70D-4FF3-8153-72D9859FA89E}.PRESS|x86.ActiveCfg = Release|Any CPU
		{1A5F8ED9-D70D-4FF3-8153-72D9859FA89E}.PS_VITA|Any CPU.ActiveCfg = Release|Any CPU
		{1A5F8ED9-D70D-4FF3-8153-72D9859FA89E}.PS_VITA|Any CPU.Build.0 = Release|Any CPU
		{1A5F8ED9-D70D-4FF3-8153-72D9859FA89E}.PS_VITA|Mixed Platforms.ActiveCfg = Release|Any CPU
		{1A5F8ED9-D70D-4FF3-8153-72D9859FA89E}.PS_VITA|Mixed Platforms.Build.0 = Release|Any CPU
		{1A5F8ED9-D70D-4FF3-8153-72D9859FA89E}.PS_VITA|x86.ActiveCfg = Release|Any CPU
		{1A5F8ED9-D70D-4FF3-8153-72D9859FA89E}.PSVITA|Any CPU.ActiveCfg = Release|Any CPU
		{1A5F8ED9-D70D-4FF3-8153-72D9859FA89E}.PSVITA|Any CPU.Build.0 = Release|Any CPU
		{1A5F8ED9-D70D-4FF3-8153-72D9859FA89E}.PSVITA|Mixed Platforms.ActiveCfg = Release|Any CPU
		{1A5F8ED9-D70D-4FF3-8153-72D9859FA89E}.PSVITA|Mixed Platforms.Build.0 = Release|Any CPU
		{1A5F8ED9-D70D-4FF3-8153-72D9859FA89E}.PSVITA|x86.ActiveCfg = Release|Any CPU
		{1A5F8ED9-D70D-4FF3-8153-72D9859FA89E}.Release|Any CPU.ActiveCfg = Release|Any CPU
		{1A5F8ED9-D70D-4FF3-8153-72D9859FA89E}.Release|Any CPU.Build.0 = Release|Any CPU
		{1A5F8ED9-D70D-4FF3-8153-72D9859FA89E}.Release|Mixed Platforms.ActiveCfg = Release|Any CPU
		{1A5F8ED9-D70D-4FF3-8153-72D9859FA89E}.Release|Mixed Platforms.Build.0 = Release|Any CPU
		{1A5F8ED9-D70D-4FF3-8153-72D9859FA89E}.Release|x86.ActiveCfg = Release|Any CPU
		{1A5F8ED9-D70D-4FF3-8153-72D9859FA89E}.Revvolvver|Any CPU.ActiveCfg = Release|Any CPU
		{1A5F8ED9-D70D-4FF3-8153-72D9859FA89E}.Revvolvver|Any CPU.Build.0 = Release|Any CPU
		{1A5F8ED9-D70D-4FF3-8153-72D9859FA89E}.Revvolvver|Mixed Platforms.ActiveCfg = Release|Any CPU
		{1A5F8ED9-D70D-4FF3-8153-72D9859FA89E}.Revvolvver|Mixed Platforms.Build.0 = Release|Any CPU
		{1A5F8ED9-D70D-4FF3-8153-72D9859FA89E}.Revvolvver|x86.ActiveCfg = Release|Any CPU
	EndGlobalSection
	GlobalSection(SolutionProperties) = preSolution
		HideSolutionNode = FALSE
	EndGlobalSection
EndGlobal
